// !$*UTF8*$!
{
	archiveVersion = 1;
	classes = {
	};
	objectVersion = 46;
	objects = {

/* Begin PBXBuildFile section */
		5282DD1A1907528A00E3DB6B /* Foundation.framework in Frameworks */ = {isa = PBXBuildFile; fileRef = 5282DD191907528A00E3DB6B /* Foundation.framework */; };
		5282DD1C1907528A00E3DB6B /* CoreGraphics.framework in Frameworks */ = {isa = PBXBuildFile; fileRef = 5282DD1B1907528A00E3DB6B /* CoreGraphics.framework */; };
		5282DD1E1907528A00E3DB6B /* UIKit.framework in Frameworks */ = {isa = PBXBuildFile; fileRef = 5282DD1D1907528A00E3DB6B /* UIKit.framework */; };
		5282DD241907528A00E3DB6B /* InfoPlist.strings in Resources */ = {isa = PBXBuildFile; fileRef = 5282DD221907528A00E3DB6B /* InfoPlist.strings */; };
		5282DD261907528A00E3DB6B /* main.m in Sources */ = {isa = PBXBuildFile; fileRef = 5282DD251907528A00E3DB6B /* main.m */; };
		5282DD2A1907528A00E3DB6B /* AppDelegate.mm in Sources */ = {isa = PBXBuildFile; fileRef = 5282DD291907528A00E3DB6B /* AppDelegate.mm */; };
		5282DD2C1907528A00E3DB6B /* Images.xcassets in Resources */ = {isa = PBXBuildFile; fileRef = 5282DD2B1907528A00E3DB6B /* Images.xcassets */; };
		5282DD331907528A00E3DB6B /* XCTest.framework in Frameworks */ = {isa = PBXBuildFile; fileRef = 5282DD321907528A00E3DB6B /* XCTest.framework */; };
		5282DD341907528A00E3DB6B /* Foundation.framework in Frameworks */ = {isa = PBXBuildFile; fileRef = 5282DD191907528A00E3DB6B /* Foundation.framework */; };
		5282DD351907528A00E3DB6B /* UIKit.framework in Frameworks */ = {isa = PBXBuildFile; fileRef = 5282DD1D1907528A00E3DB6B /* UIKit.framework */; };
		5282DD3D1907528A00E3DB6B /* InfoPlist.strings in Resources */ = {isa = PBXBuildFile; fileRef = 5282DD3B1907528A00E3DB6B /* InfoPlist.strings */; };
		5282DD3F1907528A00E3DB6B /* BaiDuMap_TestTests.m in Sources */ = {isa = PBXBuildFile; fileRef = 5282DD3E1907528A00E3DB6B /* BaiDuMap_TestTests.m */; };
		5282DDCB190755CF00E3DB6B /* libbaidumapapi.a in Frameworks */ = {isa = PBXBuildFile; fileRef = 5282DD9E190755CF00E3DB6B /* libbaidumapapi.a */; };
		5282DDCC190755CF00E3DB6B /* libbaidumapapi.a in Frameworks */ = {isa = PBXBuildFile; fileRef = 5282DDCA190755CF00E3DB6B /* libbaidumapapi.a */; };
		5282DDCE190756C100E3DB6B /* CoreLocation.framework in Frameworks */ = {isa = PBXBuildFile; fileRef = 5282DDCD190756C100E3DB6B /* CoreLocation.framework */; };
		5282DDD0190756C800E3DB6B /* QuartzCore.framework in Frameworks */ = {isa = PBXBuildFile; fileRef = 5282DDCF190756C800E3DB6B /* QuartzCore.framework */; };
		5282DDD2190756D300E3DB6B /* SystemConfiguration.framework in Frameworks */ = {isa = PBXBuildFile; fileRef = 5282DDD1190756D300E3DB6B /* SystemConfiguration.framework */; };
		5282DDD4190756E000E3DB6B /* OpenGLES.framework in Frameworks */ = {isa = PBXBuildFile; fileRef = 5282DDD3190756E000E3DB6B /* OpenGLES.framework */; };
		5282DDD6190756EA00E3DB6B /* MessageUI.framework in Frameworks */ = {isa = PBXBuildFile; fileRef = 5282DDD5190756EA00E3DB6B /* MessageUI.framework */; };
		5282DDD81907570100E3DB6B /* mapapi.bundle in Resources */ = {isa = PBXBuildFile; fileRef = 5282DDD71907570100E3DB6B /* mapapi.bundle */; };
/* End PBXBuildFile section */

/* Begin PBXContainerItemProxy section */
		5282DD361907528A00E3DB6B /* PBXContainerItemProxy */ = {
			isa = PBXContainerItemProxy;
			containerPortal = 5282DD0E1907528A00E3DB6B /* Project object */;
			proxyType = 1;
			remoteGlobalIDString = 5282DD151907528A00E3DB6B;
			remoteInfo = BaiDuMap_Test;
		};
/* End PBXContainerItemProxy section */

/* Begin PBXFileReference section */
		5282DD161907528A00E3DB6B /* BaiDuMap_Test.app */ = {isa = PBXFileReference; explicitFileType = wrapper.application; includeInIndex = 0; path = BaiDuMap_Test.app; sourceTree = BUILT_PRODUCTS_DIR; };
		5282DD191907528A00E3DB6B /* Foundation.framework */ = {isa = PBXFileReference; lastKnownFileType = wrapper.framework; name = Foundation.framework; path = System/Library/Frameworks/Foundation.framework; sourceTree = SDKROOT; };
		5282DD1B1907528A00E3DB6B /* CoreGraphics.framework */ = {isa = PBXFileReference; lastKnownFileType = wrapper.framework; name = CoreGraphics.framework; path = System/Library/Frameworks/CoreGraphics.framework; sourceTree = SDKROOT; };
		5282DD1D1907528A00E3DB6B /* UIKit.framework */ = {isa = PBXFileReference; lastKnownFileType = wrapper.framework; name = UIKit.framework; path = System/Library/Frameworks/UIKit.framework; sourceTree = SDKROOT; };
		5282DD211907528A00E3DB6B /* BaiDuMap_Test-Info.plist */ = {isa = PBXFileReference; lastKnownFileType = text.plist.xml; path = "BaiDuMap_Test-Info.plist"; sourceTree = "<group>"; };
		5282DD231907528A00E3DB6B /* en */ = {isa = PBXFileReference; lastKnownFileType = text.plist.strings; name = en; path = en.lproj/InfoPlist.strings; sourceTree = "<group>"; };
		5282DD251907528A00E3DB6B /* main.m */ = {isa = PBXFileReference; lastKnownFileType = sourcecode.c.objc; path = main.m; sourceTree = "<group>"; };
		5282DD271907528A00E3DB6B /* BaiDuMap_Test-Prefix.pch */ = {isa = PBXFileReference; lastKnownFileType = sourcecode.c.h; path = "BaiDuMap_Test-Prefix.pch"; sourceTree = "<group>"; };
		5282DD281907528A00E3DB6B /* AppDelegate.h */ = {isa = PBXFileReference; lastKnownFileType = sourcecode.c.h; path = AppDelegate.h; sourceTree = "<group>"; };
		5282DD291907528A00E3DB6B /* AppDelegate.mm */ = {isa = PBXFileReference; lastKnownFileType = sourcecode.cpp.objcpp; path = AppDelegate.mm; sourceTree = "<group>"; };
		5282DD2B1907528A00E3DB6B /* Images.xcassets */ = {isa = PBXFileReference; lastKnownFileType = folder.assetcatalog; path = Images.xcassets; sourceTree = "<group>"; };
		5282DD311907528A00E3DB6B /* BaiDuMap_TestTests.xctest */ = {isa = PBXFileReference; explicitFileType = wrapper.cfbundle; includeInIndex = 0; path = BaiDuMap_TestTests.xctest; sourceTree = BUILT_PRODUCTS_DIR; };
		5282DD321907528A00E3DB6B /* XCTest.framework */ = {isa = PBXFileReference; lastKnownFileType = wrapper.framework; name = XCTest.framework; path = Library/Frameworks/XCTest.framework; sourceTree = DEVELOPER_DIR; };
		5282DD3A1907528A00E3DB6B /* BaiDuMap_TestTests-Info.plist */ = {isa = PBXFileReference; lastKnownFileType = text.plist.xml; path = "BaiDuMap_TestTests-Info.plist"; sourceTree = "<group>"; };
		5282DD3C1907528A00E3DB6B /* en */ = {isa = PBXFileReference; lastKnownFileType = text.plist.strings; name = en; path = en.lproj/InfoPlist.strings; sourceTree = "<group>"; };
		5282DD3E1907528A00E3DB6B /* BaiDuMap_TestTests.m */ = {isa = PBXFileReference; lastKnownFileType = sourcecode.c.objc; path = BaiDuMap_TestTests.m; sourceTree = "<group>"; };
		5282DD49190754B700E3DB6B /* BMapKit.h */ = {isa = PBXFileReference; fileEncoding = 4; lastKnownFileType = sourcecode.c.h; path = BMapKit.h; sourceTree = "<group>"; };
		5282DD4A190754B700E3DB6B /* BMKActionPaopaoView.h */ = {isa = PBXFileReference; fileEncoding = 4; lastKnownFileType = sourcecode.c.h; path = BMKActionPaopaoView.h; sourceTree = "<group>"; };
		5282DD4B190754B700E3DB6B /* BMKAnnotation.h */ = {isa = PBXFileReference; fileEncoding = 4; lastKnownFileType = sourcecode.c.h; path = BMKAnnotation.h; sourceTree = "<group>"; };
		5282DD4C190754B700E3DB6B /* BMKAnnotationView.h */ = {isa = PBXFileReference; fileEncoding = 4; lastKnownFileType = sourcecode.c.h; path = BMKAnnotationView.h; sourceTree = "<group>"; };
		5282DD4D190754B700E3DB6B /* BMKArcline.h */ = {isa = PBXFileReference; fileEncoding = 4; lastKnownFileType = sourcecode.c.h; path = BMKArcline.h; sourceTree = "<group>"; };
		5282DD4E190754B700E3DB6B /* BMKArclineView.h */ = {isa = PBXFileReference; fileEncoding = 4; lastKnownFileType = sourcecode.c.h; path = BMKArclineView.h; sourceTree = "<group>"; };
		5282DD4F190754B700E3DB6B /* BMKCircle.h */ = {isa = PBXFileReference; fileEncoding = 4; lastKnownFileType = sourcecode.c.h; path = BMKCircle.h; sourceTree = "<group>"; };
		5282DD50190754B700E3DB6B /* BMKCircleView.h */ = {isa = PBXFileReference; fileEncoding = 4; lastKnownFileType = sourcecode.c.h; path = BMKCircleView.h; sourceTree = "<group>"; };
		5282DD51190754B700E3DB6B /* BMKCloudPOIList.h */ = {isa = PBXFileReference; fileEncoding = 4; lastKnownFileType = sourcecode.c.h; path = BMKCloudPOIList.h; sourceTree = "<group>"; };
		5282DD52190754B700E3DB6B /* BMKCloudSearch.h */ = {isa = PBXFileReference; fileEncoding = 4; lastKnownFileType = sourcecode.c.h; path = BMKCloudSearch.h; sourceTree = "<group>"; };
		5282DD53190754B700E3DB6B /* BMKCloudSearchInfo.h */ = {isa = PBXFileReference; fileEncoding = 4; lastKnownFileType = sourcecode.c.h; path = BMKCloudSearchInfo.h; sourceTree = "<group>"; };
		5282DD54190754B700E3DB6B /* BMKGeneralDelegate.h */ = {isa = PBXFileReference; fileEncoding = 4; lastKnownFileType = sourcecode.c.h; path = BMKGeneralDelegate.h; sourceTree = "<group>"; };
		5282DD55190754B700E3DB6B /* BMKGeocodeType.h */ = {isa = PBXFileReference; fileEncoding = 4; lastKnownFileType = sourcecode.c.h; path = BMKGeocodeType.h; sourceTree = "<group>"; };
		5282DD56190754B700E3DB6B /* BMKGeometry.h */ = {isa = PBXFileReference; fileEncoding = 4; lastKnownFileType = sourcecode.c.h; path = BMKGeometry.h; sourceTree = "<group>"; };
		5282DD57190754B700E3DB6B /* BMKGroundOverlay.h */ = {isa = PBXFileReference; fileEncoding = 4; lastKnownFileType = sourcecode.c.h; path = BMKGroundOverlay.h; sourceTree = "<group>"; };
		5282DD58190754B700E3DB6B /* BMKGroundOverlayView.h */ = {isa = PBXFileReference; fileEncoding = 4; lastKnownFileType = sourcecode.c.h; path = BMKGroundOverlayView.h; sourceTree = "<group>"; };
		5282DD59190754B700E3DB6B /* BMKLocationViewDisplayParam.h */ = {isa = PBXFileReference; fileEncoding = 4; lastKnownFileType = sourcecode.c.h; path = BMKLocationViewDisplayParam.h; sourceTree = "<group>"; };
		5282DD5A190754B700E3DB6B /* BMKMapManager.h */ = {isa = PBXFileReference; fileEncoding = 4; lastKnownFileType = sourcecode.c.h; path = BMKMapManager.h; sourceTree = "<group>"; };
		5282DD5B190754B700E3DB6B /* BMKMapStatus.h */ = {isa = PBXFileReference; fileEncoding = 4; lastKnownFileType = sourcecode.c.h; path = BMKMapStatus.h; sourceTree = "<group>"; };
		5282DD5C190754B700E3DB6B /* BMKMapView.h */ = {isa = PBXFileReference; fileEncoding = 4; lastKnownFileType = sourcecode.c.h; path = BMKMapView.h; sourceTree = "<group>"; };
		5282DD5D190754B700E3DB6B /* BMKMultiPoint.h */ = {isa = PBXFileReference; fileEncoding = 4; lastKnownFileType = sourcecode.c.h; path = BMKMultiPoint.h; sourceTree = "<group>"; };
		5282DD5E190754B700E3DB6B /* BMKNavigation.h */ = {isa = PBXFileReference; fileEncoding = 4; lastKnownFileType = sourcecode.c.h; path = BMKNavigation.h; sourceTree = "<group>"; };
		5282DD5F190754B700E3DB6B /* BMKOfflineMap.h */ = {isa = PBXFileReference; fileEncoding = 4; lastKnownFileType = sourcecode.c.h; path = BMKOfflineMap.h; sourceTree = "<group>"; };
		5282DD60190754B700E3DB6B /* BMKOfflineMapType.h */ = {isa = PBXFileReference; fileEncoding = 4; lastKnownFileType = sourcecode.c.h; path = BMKOfflineMapType.h; sourceTree = "<group>"; };
		5282DD61190754B700E3DB6B /* BMKOverlay.h */ = {isa = PBXFileReference; fileEncoding = 4; lastKnownFileType = sourcecode.c.h; path = BMKOverlay.h; sourceTree = "<group>"; };
		5282DD62190754B700E3DB6B /* BMKOverlayGLBasicView.h */ = {isa = PBXFileReference; fileEncoding = 4; lastKnownFileType = sourcecode.c.h; path = BMKOverlayGLBasicView.h; sourceTree = "<group>"; };
		5282DD63190754B700E3DB6B /* BMKOverlayPathView.h */ = {isa = PBXFileReference; fileEncoding = 4; lastKnownFileType = sourcecode.c.h; path = BMKOverlayPathView.h; sourceTree = "<group>"; };
		5282DD64190754B700E3DB6B /* BMKOverlayView.h */ = {isa = PBXFileReference; fileEncoding = 4; lastKnownFileType = sourcecode.c.h; path = BMKOverlayView.h; sourceTree = "<group>"; };
		5282DD65190754B700E3DB6B /* BMKPinAnnotationView.h */ = {isa = PBXFileReference; fileEncoding = 4; lastKnownFileType = sourcecode.c.h; path = BMKPinAnnotationView.h; sourceTree = "<group>"; };
		5282DD66190754B700E3DB6B /* BMKPointAnnotation.h */ = {isa = PBXFileReference; fileEncoding = 4; lastKnownFileType = sourcecode.c.h; path = BMKPointAnnotation.h; sourceTree = "<group>"; };
		5282DD67190754B700E3DB6B /* BMKPoiSearchType.h */ = {isa = PBXFileReference; fileEncoding = 4; lastKnownFileType = sourcecode.c.h; path = BMKPoiSearchType.h; sourceTree = "<group>"; };
		5282DD68190754B700E3DB6B /* BMKPolygon.h */ = {isa = PBXFileReference; fileEncoding = 4; lastKnownFileType = sourcecode.c.h; path = BMKPolygon.h; sourceTree = "<group>"; };
		5282DD69190754B700E3DB6B /* BMKPolygonView.h */ = {isa = PBXFileReference; fileEncoding = 4; lastKnownFileType = sourcecode.c.h; path = BMKPolygonView.h; sourceTree = "<group>"; };
		5282DD6A190754B700E3DB6B /* BMKPolyline.h */ = {isa = PBXFileReference; fileEncoding = 4; lastKnownFileType = sourcecode.c.h; path = BMKPolyline.h; sourceTree = "<group>"; };
		5282DD6B190754B700E3DB6B /* BMKPolylineView.h */ = {isa = PBXFileReference; fileEncoding = 4; lastKnownFileType = sourcecode.c.h; path = BMKPolylineView.h; sourceTree = "<group>"; };
		5282DD6C190754B700E3DB6B /* BMKRouteSearchType.h */ = {isa = PBXFileReference; fileEncoding = 4; lastKnownFileType = sourcecode.c.h; path = BMKRouteSearchType.h; sourceTree = "<group>"; };
		5282DD6D190754B700E3DB6B /* BMKSearch.h */ = {isa = PBXFileReference; fileEncoding = 4; lastKnownFileType = sourcecode.c.h; path = BMKSearch.h; sourceTree = "<group>"; };
		5282DD6E190754B700E3DB6B /* BMKShape.h */ = {isa = PBXFileReference; fileEncoding = 4; lastKnownFileType = sourcecode.c.h; path = BMKShape.h; sourceTree = "<group>"; };
		5282DD6F190754B700E3DB6B /* BMKTypes.h */ = {isa = PBXFileReference; fileEncoding = 4; lastKnownFileType = sourcecode.c.h; path = BMKTypes.h; sourceTree = "<group>"; };
		5282DD70190754B700E3DB6B /* BMKUserLocation.h */ = {isa = PBXFileReference; fileEncoding = 4; lastKnownFileType = sourcecode.c.h; path = BMKUserLocation.h; sourceTree = "<group>"; };
		5282DD71190754B700E3DB6B /* BMKVersion.h */ = {isa = PBXFileReference; fileEncoding = 4; lastKnownFileType = sourcecode.c.h; path = BMKVersion.h; sourceTree = "<group>"; };
		5282DD75190755CF00E3DB6B /* BMapKit.h */ = {isa = PBXFileReference; fileEncoding = 4; lastKnownFileType = sourcecode.c.h; path = BMapKit.h; sourceTree = "<group>"; };
		5282DD76190755CF00E3DB6B /* BMKActionPaopaoView.h */ = {isa = PBXFileReference; fileEncoding = 4; lastKnownFileType = sourcecode.c.h; path = BMKActionPaopaoView.h; sourceTree = "<group>"; };
		5282DD77190755CF00E3DB6B /* BMKAnnotation.h */ = {isa = PBXFileReference; fileEncoding = 4; lastKnownFileType = sourcecode.c.h; path = BMKAnnotation.h; sourceTree = "<group>"; };
		5282DD78190755CF00E3DB6B /* BMKAnnotationView.h */ = {isa = PBXFileReference; fileEncoding = 4; lastKnownFileType = sourcecode.c.h; path = BMKAnnotationView.h; sourceTree = "<group>"; };
		5282DD79190755CF00E3DB6B /* BMKArcline.h */ = {isa = PBXFileReference; fileEncoding = 4; lastKnownFileType = sourcecode.c.h; path = BMKArcline.h; sourceTree = "<group>"; };
		5282DD7A190755CF00E3DB6B /* BMKArclineView.h */ = {isa = PBXFileReference; fileEncoding = 4; lastKnownFileType = sourcecode.c.h; path = BMKArclineView.h; sourceTree = "<group>"; };
		5282DD7B190755CF00E3DB6B /* BMKCircle.h */ = {isa = PBXFileReference; fileEncoding = 4; lastKnownFileType = sourcecode.c.h; path = BMKCircle.h; sourceTree = "<group>"; };
		5282DD7C190755CF00E3DB6B /* BMKCircleView.h */ = {isa = PBXFileReference; fileEncoding = 4; lastKnownFileType = sourcecode.c.h; path = BMKCircleView.h; sourceTree = "<group>"; };
		5282DD7D190755CF00E3DB6B /* BMKCloudPOIList.h */ = {isa = PBXFileReference; fileEncoding = 4; lastKnownFileType = sourcecode.c.h; path = BMKCloudPOIList.h; sourceTree = "<group>"; };
		5282DD7E190755CF00E3DB6B /* BMKCloudSearch.h */ = {isa = PBXFileReference; fileEncoding = 4; lastKnownFileType = sourcecode.c.h; path = BMKCloudSearch.h; sourceTree = "<group>"; };
		5282DD7F190755CF00E3DB6B /* BMKCloudSearchInfo.h */ = {isa = PBXFileReference; fileEncoding = 4; lastKnownFileType = sourcecode.c.h; path = BMKCloudSearchInfo.h; sourceTree = "<group>"; };
		5282DD80190755CF00E3DB6B /* BMKGeneralDelegate.h */ = {isa = PBXFileReference; fileEncoding = 4; lastKnownFileType = sourcecode.c.h; path = BMKGeneralDelegate.h; sourceTree = "<group>"; };
		5282DD81190755CF00E3DB6B /* BMKGeocodeType.h */ = {isa = PBXFileReference; fileEncoding = 4; lastKnownFileType = sourcecode.c.h; path = BMKGeocodeType.h; sourceTree = "<group>"; };
		5282DD82190755CF00E3DB6B /* BMKGeometry.h */ = {isa = PBXFileReference; fileEncoding = 4; lastKnownFileType = sourcecode.c.h; path = BMKGeometry.h; sourceTree = "<group>"; };
		5282DD83190755CF00E3DB6B /* BMKGroundOverlay.h */ = {isa = PBXFileReference; fileEncoding = 4; lastKnownFileType = sourcecode.c.h; path = BMKGroundOverlay.h; sourceTree = "<group>"; };
		5282DD84190755CF00E3DB6B /* BMKGroundOverlayView.h */ = {isa = PBXFileReference; fileEncoding = 4; lastKnownFileType = sourcecode.c.h; path = BMKGroundOverlayView.h; sourceTree = "<group>"; };
		5282DD85190755CF00E3DB6B /* BMKLocationViewDisplayParam.h */ = {isa = PBXFileReference; fileEncoding = 4; lastKnownFileType = sourcecode.c.h; path = BMKLocationViewDisplayParam.h; sourceTree = "<group>"; };
		5282DD86190755CF00E3DB6B /* BMKMapManager.h */ = {isa = PBXFileReference; fileEncoding = 4; lastKnownFileType = sourcecode.c.h; path = BMKMapManager.h; sourceTree = "<group>"; };
		5282DD87190755CF00E3DB6B /* BMKMapStatus.h */ = {isa = PBXFileReference; fileEncoding = 4; lastKnownFileType = sourcecode.c.h; path = BMKMapStatus.h; sourceTree = "<group>"; };
		5282DD88190755CF00E3DB6B /* BMKMapView.h */ = {isa = PBXFileReference; fileEncoding = 4; lastKnownFileType = sourcecode.c.h; path = BMKMapView.h; sourceTree = "<group>"; };
		5282DD89190755CF00E3DB6B /* BMKMultiPoint.h */ = {isa = PBXFileReference; fileEncoding = 4; lastKnownFileType = sourcecode.c.h; path = BMKMultiPoint.h; sourceTree = "<group>"; };
		5282DD8A190755CF00E3DB6B /* BMKNavigation.h */ = {isa = PBXFileReference; fileEncoding = 4; lastKnownFileType = sourcecode.c.h; path = BMKNavigation.h; sourceTree = "<group>"; };
		5282DD8B190755CF00E3DB6B /* BMKOfflineMap.h */ = {isa = PBXFileReference; fileEncoding = 4; lastKnownFileType = sourcecode.c.h; path = BMKOfflineMap.h; sourceTree = "<group>"; };
		5282DD8C190755CF00E3DB6B /* BMKOfflineMapType.h */ = {isa = PBXFileReference; fileEncoding = 4; lastKnownFileType = sourcecode.c.h; path = BMKOfflineMapType.h; sourceTree = "<group>"; };
		5282DD8D190755CF00E3DB6B /* BMKOverlay.h */ = {isa = PBXFileReference; fileEncoding = 4; lastKnownFileType = sourcecode.c.h; path = BMKOverlay.h; sourceTree = "<group>"; };
		5282DD8E190755CF00E3DB6B /* BMKOverlayGLBasicView.h */ = {isa = PBXFileReference; fileEncoding = 4; lastKnownFileType = sourcecode.c.h; path = BMKOverlayGLBasicView.h; sourceTree = "<group>"; };
		5282DD8F190755CF00E3DB6B /* BMKOverlayPathView.h */ = {isa = PBXFileReference; fileEncoding = 4; lastKnownFileType = sourcecode.c.h; path = BMKOverlayPathView.h; sourceTree = "<group>"; };
		5282DD90190755CF00E3DB6B /* BMKOverlayView.h */ = {isa = PBXFileReference; fileEncoding = 4; lastKnownFileType = sourcecode.c.h; path = BMKOverlayView.h; sourceTree = "<group>"; };
		5282DD91190755CF00E3DB6B /* BMKPinAnnotationView.h */ = {isa = PBXFileReference; fileEncoding = 4; lastKnownFileType = sourcecode.c.h; path = BMKPinAnnotationView.h; sourceTree = "<group>"; };
		5282DD92190755CF00E3DB6B /* BMKPointAnnotation.h */ = {isa = PBXFileReference; fileEncoding = 4; lastKnownFileType = sourcecode.c.h; path = BMKPointAnnotation.h; sourceTree = "<group>"; };
		5282DD93190755CF00E3DB6B /* BMKPoiSearchType.h */ = {isa = PBXFileReference; fileEncoding = 4; lastKnownFileType = sourcecode.c.h; path = BMKPoiSearchType.h; sourceTree = "<group>"; };
		5282DD94190755CF00E3DB6B /* BMKPolygon.h */ = {isa = PBXFileReference; fileEncoding = 4; lastKnownFileType = sourcecode.c.h; path = BMKPolygon.h; sourceTree = "<group>"; };
		5282DD95190755CF00E3DB6B /* BMKPolygonView.h */ = {isa = PBXFileReference; fileEncoding = 4; lastKnownFileType = sourcecode.c.h; path = BMKPolygonView.h; sourceTree = "<group>"; };
		5282DD96190755CF00E3DB6B /* BMKPolyline.h */ = {isa = PBXFileReference; fileEncoding = 4; lastKnownFileType = sourcecode.c.h; path = BMKPolyline.h; sourceTree = "<group>"; };
		5282DD97190755CF00E3DB6B /* BMKPolylineView.h */ = {isa = PBXFileReference; fileEncoding = 4; lastKnownFileType = sourcecode.c.h; path = BMKPolylineView.h; sourceTree = "<group>"; };
		5282DD98190755CF00E3DB6B /* BMKRouteSearchType.h */ = {isa = PBXFileReference; fileEncoding = 4; lastKnownFileType = sourcecode.c.h; path = BMKRouteSearchType.h; sourceTree = "<group>"; };
		5282DD99190755CF00E3DB6B /* BMKSearch.h */ = {isa = PBXFileReference; fileEncoding = 4; lastKnownFileType = sourcecode.c.h; path = BMKSearch.h; sourceTree = "<group>"; };
		5282DD9A190755CF00E3DB6B /* BMKShape.h */ = {isa = PBXFileReference; fileEncoding = 4; lastKnownFileType = sourcecode.c.h; path = BMKShape.h; sourceTree = "<group>"; };
		5282DD9B190755CF00E3DB6B /* BMKTypes.h */ = {isa = PBXFileReference; fileEncoding = 4; lastKnownFileType = sourcecode.c.h; path = BMKTypes.h; sourceTree = "<group>"; };
		5282DD9C190755CF00E3DB6B /* BMKUserLocation.h */ = {isa = PBXFileReference; fileEncoding = 4; lastKnownFileType = sourcecode.c.h; path = BMKUserLocation.h; sourceTree = "<group>"; };
		5282DD9D190755CF00E3DB6B /* BMKVersion.h */ = {isa = PBXFileReference; fileEncoding = 4; lastKnownFileType = sourcecode.c.h; path = BMKVersion.h; sourceTree = "<group>"; };
		5282DD9E190755CF00E3DB6B /* libbaidumapapi.a */ = {isa = PBXFileReference; lastKnownFileType = archive.ar; path = libbaidumapapi.a; sourceTree = "<group>"; };
		5282DDA1190755CF00E3DB6B /* BMapKit.h */ = {isa = PBXFileReference; fileEncoding = 4; lastKnownFileType = sourcecode.c.h; path = BMapKit.h; sourceTree = "<group>"; };
		5282DDA2190755CF00E3DB6B /* BMKActionPaopaoView.h */ = {isa = PBXFileReference; fileEncoding = 4; lastKnownFileType = sourcecode.c.h; path = BMKActionPaopaoView.h; sourceTree = "<group>"; };
		5282DDA3190755CF00E3DB6B /* BMKAnnotation.h */ = {isa = PBXFileReference; fileEncoding = 4; lastKnownFileType = sourcecode.c.h; path = BMKAnnotation.h; sourceTree = "<group>"; };
		5282DDA4190755CF00E3DB6B /* BMKAnnotationView.h */ = {isa = PBXFileReference; fileEncoding = 4; lastKnownFileType = sourcecode.c.h; path = BMKAnnotationView.h; sourceTree = "<group>"; };
		5282DDA5190755CF00E3DB6B /* BMKArcline.h */ = {isa = PBXFileReference; fileEncoding = 4; lastKnownFileType = sourcecode.c.h; path = BMKArcline.h; sourceTree = "<group>"; };
		5282DDA6190755CF00E3DB6B /* BMKArclineView.h */ = {isa = PBXFileReference; fileEncoding = 4; lastKnownFileType = sourcecode.c.h; path = BMKArclineView.h; sourceTree = "<group>"; };
		5282DDA7190755CF00E3DB6B /* BMKCircle.h */ = {isa = PBXFileReference; fileEncoding = 4; lastKnownFileType = sourcecode.c.h; path = BMKCircle.h; sourceTree = "<group>"; };
		5282DDA8190755CF00E3DB6B /* BMKCircleView.h */ = {isa = PBXFileReference; fileEncoding = 4; lastKnownFileType = sourcecode.c.h; path = BMKCircleView.h; sourceTree = "<group>"; };
		5282DDA9190755CF00E3DB6B /* BMKCloudPOIList.h */ = {isa = PBXFileReference; fileEncoding = 4; lastKnownFileType = sourcecode.c.h; path = BMKCloudPOIList.h; sourceTree = "<group>"; };
		5282DDAA190755CF00E3DB6B /* BMKCloudSearch.h */ = {isa = PBXFileReference; fileEncoding = 4; lastKnownFileType = sourcecode.c.h; path = BMKCloudSearch.h; sourceTree = "<group>"; };
		5282DDAB190755CF00E3DB6B /* BMKCloudSearchInfo.h */ = {isa = PBXFileReference; fileEncoding = 4; lastKnownFileType = sourcecode.c.h; path = BMKCloudSearchInfo.h; sourceTree = "<group>"; };
		5282DDAC190755CF00E3DB6B /* BMKGeneralDelegate.h */ = {isa = PBXFileReference; fileEncoding = 4; lastKnownFileType = sourcecode.c.h; path = BMKGeneralDelegate.h; sourceTree = "<group>"; };
		5282DDAD190755CF00E3DB6B /* BMKGeocodeType.h */ = {isa = PBXFileReference; fileEncoding = 4; lastKnownFileType = sourcecode.c.h; path = BMKGeocodeType.h; sourceTree = "<group>"; };
		5282DDAE190755CF00E3DB6B /* BMKGeometry.h */ = {isa = PBXFileReference; fileEncoding = 4; lastKnownFileType = sourcecode.c.h; path = BMKGeometry.h; sourceTree = "<group>"; };
		5282DDAF190755CF00E3DB6B /* BMKGroundOverlay.h */ = {isa = PBXFileReference; fileEncoding = 4; lastKnownFileType = sourcecode.c.h; path = BMKGroundOverlay.h; sourceTree = "<group>"; };
		5282DDB0190755CF00E3DB6B /* BMKGroundOverlayView.h */ = {isa = PBXFileReference; fileEncoding = 4; lastKnownFileType = sourcecode.c.h; path = BMKGroundOverlayView.h; sourceTree = "<group>"; };
		5282DDB1190755CF00E3DB6B /* BMKLocationViewDisplayParam.h */ = {isa = PBXFileReference; fileEncoding = 4; lastKnownFileType = sourcecode.c.h; path = BMKLocationViewDisplayParam.h; sourceTree = "<group>"; };
		5282DDB2190755CF00E3DB6B /* BMKMapManager.h */ = {isa = PBXFileReference; fileEncoding = 4; lastKnownFileType = sourcecode.c.h; path = BMKMapManager.h; sourceTree = "<group>"; };
		5282DDB3190755CF00E3DB6B /* BMKMapStatus.h */ = {isa = PBXFileReference; fileEncoding = 4; lastKnownFileType = sourcecode.c.h; path = BMKMapStatus.h; sourceTree = "<group>"; };
		5282DDB4190755CF00E3DB6B /* BMKMapView.h */ = {isa = PBXFileReference; fileEncoding = 4; lastKnownFileType = sourcecode.c.h; path = BMKMapView.h; sourceTree = "<group>"; };
		5282DDB5190755CF00E3DB6B /* BMKMultiPoint.h */ = {isa = PBXFileReference; fileEncoding = 4; lastKnownFileType = sourcecode.c.h; path = BMKMultiPoint.h; sourceTree = "<group>"; };
		5282DDB6190755CF00E3DB6B /* BMKNavigation.h */ = {isa = PBXFileReference; fileEncoding = 4; lastKnownFileType = sourcecode.c.h; path = BMKNavigation.h; sourceTree = "<group>"; };
		5282DDB7190755CF00E3DB6B /* BMKOfflineMap.h */ = {isa = PBXFileReference; fileEncoding = 4; lastKnownFileType = sourcecode.c.h; path = BMKOfflineMap.h; sourceTree = "<group>"; };
		5282DDB8190755CF00E3DB6B /* BMKOfflineMapType.h */ = {isa = PBXFileReference; fileEncoding = 4; lastKnownFileType = sourcecode.c.h; path = BMKOfflineMapType.h; sourceTree = "<group>"; };
		5282DDB9190755CF00E3DB6B /* BMKOverlay.h */ = {isa = PBXFileReference; fileEncoding = 4; lastKnownFileType = sourcecode.c.h; path = BMKOverlay.h; sourceTree = "<group>"; };
		5282DDBA190755CF00E3DB6B /* BMKOverlayGLBasicView.h */ = {isa = PBXFileReference; fileEncoding = 4; lastKnownFileType = sourcecode.c.h; path = BMKOverlayGLBasicView.h; sourceTree = "<group>"; };
		5282DDBB190755CF00E3DB6B /* BMKOverlayPathView.h */ = {isa = PBXFileReference; fileEncoding = 4; lastKnownFileType = sourcecode.c.h; path = BMKOverlayPathView.h; sourceTree = "<group>"; };
		5282DDBC190755CF00E3DB6B /* BMKOverlayView.h */ = {isa = PBXFileReference; fileEncoding = 4; lastKnownFileType = sourcecode.c.h; path = BMKOverlayView.h; sourceTree = "<group>"; };
		5282DDBD190755CF00E3DB6B /* BMKPinAnnotationView.h */ = {isa = PBXFileReference; fileEncoding = 4; lastKnownFileType = sourcecode.c.h; path = BMKPinAnnotationView.h; sourceTree = "<group>"; };
		5282DDBE190755CF00E3DB6B /* BMKPointAnnotation.h */ = {isa = PBXFileReference; fileEncoding = 4; lastKnownFileType = sourcecode.c.h; path = BMKPointAnnotation.h; sourceTree = "<group>"; };
		5282DDBF190755CF00E3DB6B /* BMKPoiSearchType.h */ = {isa = PBXFileReference; fileEncoding = 4; lastKnownFileType = sourcecode.c.h; path = BMKPoiSearchType.h; sourceTree = "<group>"; };
		5282DDC0190755CF00E3DB6B /* BMKPolygon.h */ = {isa = PBXFileReference; fileEncoding = 4; lastKnownFileType = sourcecode.c.h; path = BMKPolygon.h; sourceTree = "<group>"; };
		5282DDC1190755CF00E3DB6B /* BMKPolygonView.h */ = {isa = PBXFileReference; fileEncoding = 4; lastKnownFileType = sourcecode.c.h; path = BMKPolygonView.h; sourceTree = "<group>"; };
		5282DDC2190755CF00E3DB6B /* BMKPolyline.h */ = {isa = PBXFileReference; fileEncoding = 4; lastKnownFileType = sourcecode.c.h; path = BMKPolyline.h; sourceTree = "<group>"; };
		5282DDC3190755CF00E3DB6B /* BMKPolylineView.h */ = {isa = PBXFileReference; fileEncoding = 4; lastKnownFileType = sourcecode.c.h; path = BMKPolylineView.h; sourceTree = "<group>"; };
		5282DDC4190755CF00E3DB6B /* BMKRouteSearchType.h */ = {isa = PBXFileReference; fileEncoding = 4; lastKnownFileType = sourcecode.c.h; path = BMKRouteSearchType.h; sourceTree = "<group>"; };
		5282DDC5190755CF00E3DB6B /* BMKSearch.h */ = {isa = PBXFileReference; fileEncoding = 4; lastKnownFileType = sourcecode.c.h; path = BMKSearch.h; sourceTree = "<group>"; };
		5282DDC6190755CF00E3DB6B /* BMKShape.h */ = {isa = PBXFileReference; fileEncoding = 4; lastKnownFileType = sourcecode.c.h; path = BMKShape.h; sourceTree = "<group>"; };
		5282DDC7190755CF00E3DB6B /* BMKTypes.h */ = {isa = PBXFileReference; fileEncoding = 4; lastKnownFileType = sourcecode.c.h; path = BMKTypes.h; sourceTree = "<group>"; };
		5282DDC8190755CF00E3DB6B /* BMKUserLocation.h */ = {isa = PBXFileReference; fileEncoding = 4; lastKnownFileType = sourcecode.c.h; path = BMKUserLocation.h; sourceTree = "<group>"; };
		5282DDC9190755CF00E3DB6B /* BMKVersion.h */ = {isa = PBXFileReference; fileEncoding = 4; lastKnownFileType = sourcecode.c.h; path = BMKVersion.h; sourceTree = "<group>"; };
		5282DDCA190755CF00E3DB6B /* libbaidumapapi.a */ = {isa = PBXFileReference; lastKnownFileType = archive.ar; path = libbaidumapapi.a; sourceTree = "<group>"; };
		5282DDCD190756C100E3DB6B /* CoreLocation.framework */ = {isa = PBXFileReference; lastKnownFileType = wrapper.framework; name = CoreLocation.framework; path = System/Library/Frameworks/CoreLocation.framework; sourceTree = SDKROOT; };
		5282DDCF190756C800E3DB6B /* QuartzCore.framework */ = {isa = PBXFileReference; lastKnownFileType = wrapper.framework; name = QuartzCore.framework; path = System/Library/Frameworks/QuartzCore.framework; sourceTree = SDKROOT; };
		5282DDD1190756D300E3DB6B /* SystemConfiguration.framework */ = {isa = PBXFileReference; lastKnownFileType = wrapper.framework; name = SystemConfiguration.framework; path = System/Library/Frameworks/SystemConfiguration.framework; sourceTree = SDKROOT; };
		5282DDD3190756E000E3DB6B /* OpenGLES.framework */ = {isa = PBXFileReference; lastKnownFileType = wrapper.framework; name = OpenGLES.framework; path = System/Library/Frameworks/OpenGLES.framework; sourceTree = SDKROOT; };
		5282DDD5190756EA00E3DB6B /* MessageUI.framework */ = {isa = PBXFileReference; lastKnownFileType = wrapper.framework; name = MessageUI.framework; path = System/Library/Frameworks/MessageUI.framework; sourceTree = SDKROOT; };
		5282DDD71907570100E3DB6B /* mapapi.bundle */ = {isa = PBXFileReference; lastKnownFileType = "wrapper.plug-in"; name = mapapi.bundle; path = ../../Desktop/BaiduMap_iOSSDK_v2.2.0_All/BaiduMap_iOSSDK_v2.2.0_All/BaiduMap_iOSSDK_v2.2.0_Lib/mapapi.bundle; sourceTree = "<group>"; };
/* End PBXFileReference section */

/* Begin PBXFrameworksBuildPhase section */
		5282DD131907528A00E3DB6B /* Frameworks */ = {
			isa = PBXFrameworksBuildPhase;
			buildActionMask = 2147483647;
			files = (
				5282DDD6190756EA00E3DB6B /* MessageUI.framework in Frameworks */,
				5282DDD4190756E000E3DB6B /* OpenGLES.framework in Frameworks */,
				5282DD1C1907528A00E3DB6B /* CoreGraphics.framework in Frameworks */,
				5282DDD2190756D300E3DB6B /* SystemConfiguration.framework in Frameworks */,
				5282DDD0190756C800E3DB6B /* QuartzCore.framework in Frameworks */,
				5282DDCE190756C100E3DB6B /* CoreLocation.framework in Frameworks */,
				5282DD1E1907528A00E3DB6B /* UIKit.framework in Frameworks */,
				5282DDCC190755CF00E3DB6B /* libbaidumapapi.a in Frameworks */,
				5282DD1A1907528A00E3DB6B /* Foundation.framework in Frameworks */,
				5282DDCB190755CF00E3DB6B /* libbaidumapapi.a in Frameworks */,
			);
			runOnlyForDeploymentPostprocessing = 0;
		};
		5282DD2E1907528A00E3DB6B /* Frameworks */ = {
			isa = PBXFrameworksBuildPhase;
			buildActionMask = 2147483647;
			files = (
				5282DD331907528A00E3DB6B /* XCTest.framework in Frameworks */,
				5282DD351907528A00E3DB6B /* UIKit.framework in Frameworks */,
				5282DD341907528A00E3DB6B /* Foundation.framework in Frameworks */,
			);
			runOnlyForDeploymentPostprocessing = 0;
		};
/* End PBXFrameworksBuildPhase section */

/* Begin PBXGroup section */
		5282DD0D1907528A00E3DB6B = {
			isa = PBXGroup;
			children = (
				5282DDD71907570100E3DB6B /* mapapi.bundle */,
				5282DD72190755CF00E3DB6B /* libs */,
				5282DD48190754B700E3DB6B /* inc */,
				5282DD1F1907528A00E3DB6B /* BaiDuMap_Test */,
				5282DD381907528A00E3DB6B /* BaiDuMap_TestTests */,
				5282DD181907528A00E3DB6B /* Frameworks */,
				5282DD171907528A00E3DB6B /* Products */,
			);
			sourceTree = "<group>";
		};
		5282DD171907528A00E3DB6B /* Products */ = {
			isa = PBXGroup;
			children = (
				5282DD161907528A00E3DB6B /* BaiDuMap_Test.app */,
				5282DD311907528A00E3DB6B /* BaiDuMap_TestTests.xctest */,
			);
			name = Products;
			sourceTree = "<group>";
		};
		5282DD181907528A00E3DB6B /* Frameworks */ = {
			isa = PBXGroup;
			children = (
				5282DDD5190756EA00E3DB6B /* MessageUI.framework */,
				5282DDD3190756E000E3DB6B /* OpenGLES.framework */,
				5282DDD1190756D300E3DB6B /* SystemConfiguration.framework */,
				5282DDCF190756C800E3DB6B /* QuartzCore.framework */,
				5282DDCD190756C100E3DB6B /* CoreLocation.framework */,
				5282DD191907528A00E3DB6B /* Foundation.framework */,
				5282DD1B1907528A00E3DB6B /* CoreGraphics.framework */,
				5282DD1D1907528A00E3DB6B /* UIKit.framework */,
				5282DD321907528A00E3DB6B /* XCTest.framework */,
			);
			name = Frameworks;
			sourceTree = "<group>";
		};
		5282DD1F1907528A00E3DB6B /* BaiDuMap_Test */ = {
			isa = PBXGroup;
			children = (
				5282DD281907528A00E3DB6B /* AppDelegate.h */,
				5282DD291907528A00E3DB6B /* AppDelegate.mm */,
				5282DD2B1907528A00E3DB6B /* Images.xcassets */,
				5282DD201907528A00E3DB6B /* Supporting Files */,
			);
			path = BaiDuMap_Test;
			sourceTree = "<group>";
		};
		5282DD201907528A00E3DB6B /* Supporting Files */ = {
			isa = PBXGroup;
			children = (
				5282DD211907528A00E3DB6B /* BaiDuMap_Test-Info.plist */,
				5282DD221907528A00E3DB6B /* InfoPlist.strings */,
				5282DD251907528A00E3DB6B /* main.m */,
				5282DD271907528A00E3DB6B /* BaiDuMap_Test-Prefix.pch */,
			);
			name = "Supporting Files";
			sourceTree = "<group>";
		};
		5282DD381907528A00E3DB6B /* BaiDuMap_TestTests */ = {
			isa = PBXGroup;
			children = (
				5282DD3E1907528A00E3DB6B /* BaiDuMap_TestTests.m */,
				5282DD391907528A00E3DB6B /* Supporting Files */,
			);
			path = BaiDuMap_TestTests;
			sourceTree = "<group>";
		};
		5282DD391907528A00E3DB6B /* Supporting Files */ = {
			isa = PBXGroup;
			children = (
				5282DD3A1907528A00E3DB6B /* BaiDuMap_TestTests-Info.plist */,
				5282DD3B1907528A00E3DB6B /* InfoPlist.strings */,
			);
			name = "Supporting Files";
			sourceTree = "<group>";
		};
		5282DD48190754B700E3DB6B /* inc */ = {
			isa = PBXGroup;
			children = (
				5282DD49190754B700E3DB6B /* BMapKit.h */,
				5282DD4A190754B700E3DB6B /* BMKActionPaopaoView.h */,
				5282DD4B190754B700E3DB6B /* BMKAnnotation.h */,
				5282DD4C190754B700E3DB6B /* BMKAnnotationView.h */,
				5282DD4D190754B700E3DB6B /* BMKArcline.h */,
				5282DD4E190754B700E3DB6B /* BMKArclineView.h */,
				5282DD4F190754B700E3DB6B /* BMKCircle.h */,
				5282DD50190754B700E3DB6B /* BMKCircleView.h */,
				5282DD51190754B700E3DB6B /* BMKCloudPOIList.h */,
				5282DD52190754B700E3DB6B /* BMKCloudSearch.h */,
				5282DD53190754B700E3DB6B /* BMKCloudSearchInfo.h */,
				5282DD54190754B700E3DB6B /* BMKGeneralDelegate.h */,
				5282DD55190754B700E3DB6B /* BMKGeocodeType.h */,
				5282DD56190754B700E3DB6B /* BMKGeometry.h */,
				5282DD57190754B700E3DB6B /* BMKGroundOverlay.h */,
				5282DD58190754B700E3DB6B /* BMKGroundOverlayView.h */,
				5282DD59190754B700E3DB6B /* BMKLocationViewDisplayParam.h */,
				5282DD5A190754B700E3DB6B /* BMKMapManager.h */,
				5282DD5B190754B700E3DB6B /* BMKMapStatus.h */,
				5282DD5C190754B700E3DB6B /* BMKMapView.h */,
				5282DD5D190754B700E3DB6B /* BMKMultiPoint.h */,
				5282DD5E190754B700E3DB6B /* BMKNavigation.h */,
				5282DD5F190754B700E3DB6B /* BMKOfflineMap.h */,
				5282DD60190754B700E3DB6B /* BMKOfflineMapType.h */,
				5282DD61190754B700E3DB6B /* BMKOverlay.h */,
				5282DD62190754B700E3DB6B /* BMKOverlayGLBasicView.h */,
				5282DD63190754B700E3DB6B /* BMKOverlayPathView.h */,
				5282DD64190754B700E3DB6B /* BMKOverlayView.h */,
				5282DD65190754B700E3DB6B /* BMKPinAnnotationView.h */,
				5282DD66190754B700E3DB6B /* BMKPointAnnotation.h */,
				5282DD67190754B700E3DB6B /* BMKPoiSearchType.h */,
				5282DD68190754B700E3DB6B /* BMKPolygon.h */,
				5282DD69190754B700E3DB6B /* BMKPolygonView.h */,
				5282DD6A190754B700E3DB6B /* BMKPolyline.h */,
				5282DD6B190754B700E3DB6B /* BMKPolylineView.h */,
				5282DD6C190754B700E3DB6B /* BMKRouteSearchType.h */,
				5282DD6D190754B700E3DB6B /* BMKSearch.h */,
				5282DD6E190754B700E3DB6B /* BMKShape.h */,
				5282DD6F190754B700E3DB6B /* BMKTypes.h */,
				5282DD70190754B700E3DB6B /* BMKUserLocation.h */,
				5282DD71190754B700E3DB6B /* BMKVersion.h */,
			);
			path = inc;
			sourceTree = "<group>";
		};
		5282DD72190755CF00E3DB6B /* libs */ = {
			isa = PBXGroup;
			children = (
				5282DD73190755CF00E3DB6B /* Release-iphoneos */,
				5282DD9F190755CF00E3DB6B /* Release-iphonesimulator */,
			);
			path = libs;
			sourceTree = "<group>";
		};
		5282DD73190755CF00E3DB6B /* Release-iphoneos */ = {
			isa = PBXGroup;
			children = (
				5282DD74190755CF00E3DB6B /* inc */,
				5282DD9E190755CF00E3DB6B /* libbaidumapapi.a */,
			);
			path = "Release-iphoneos";
			sourceTree = "<group>";
		};
		5282DD74190755CF00E3DB6B /* inc */ = {
			isa = PBXGroup;
			children = (
				5282DD75190755CF00E3DB6B /* BMapKit.h */,
				5282DD76190755CF00E3DB6B /* BMKActionPaopaoView.h */,
				5282DD77190755CF00E3DB6B /* BMKAnnotation.h */,
				5282DD78190755CF00E3DB6B /* BMKAnnotationView.h */,
				5282DD79190755CF00E3DB6B /* BMKArcline.h */,
				5282DD7A190755CF00E3DB6B /* BMKArclineView.h */,
				5282DD7B190755CF00E3DB6B /* BMKCircle.h */,
				5282DD7C190755CF00E3DB6B /* BMKCircleView.h */,
				5282DD7D190755CF00E3DB6B /* BMKCloudPOIList.h */,
				5282DD7E190755CF00E3DB6B /* BMKCloudSearch.h */,
				5282DD7F190755CF00E3DB6B /* BMKCloudSearchInfo.h */,
				5282DD80190755CF00E3DB6B /* BMKGeneralDelegate.h */,
				5282DD81190755CF00E3DB6B /* BMKGeocodeType.h */,
				5282DD82190755CF00E3DB6B /* BMKGeometry.h */,
				5282DD83190755CF00E3DB6B /* BMKGroundOverlay.h */,
				5282DD84190755CF00E3DB6B /* BMKGroundOverlayView.h */,
				5282DD85190755CF00E3DB6B /* BMKLocationViewDisplayParam.h */,
				5282DD86190755CF00E3DB6B /* BMKMapManager.h */,
				5282DD87190755CF00E3DB6B /* BMKMapStatus.h */,
				5282DD88190755CF00E3DB6B /* BMKMapView.h */,
				5282DD89190755CF00E3DB6B /* BMKMultiPoint.h */,
				5282DD8A190755CF00E3DB6B /* BMKNavigation.h */,
				5282DD8B190755CF00E3DB6B /* BMKOfflineMap.h */,
				5282DD8C190755CF00E3DB6B /* BMKOfflineMapType.h */,
				5282DD8D190755CF00E3DB6B /* BMKOverlay.h */,
				5282DD8E190755CF00E3DB6B /* BMKOverlayGLBasicView.h */,
				5282DD8F190755CF00E3DB6B /* BMKOverlayPathView.h */,
				5282DD90190755CF00E3DB6B /* BMKOverlayView.h */,
				5282DD91190755CF00E3DB6B /* BMKPinAnnotationView.h */,
				5282DD92190755CF00E3DB6B /* BMKPointAnnotation.h */,
				5282DD93190755CF00E3DB6B /* BMKPoiSearchType.h */,
				5282DD94190755CF00E3DB6B /* BMKPolygon.h */,
				5282DD95190755CF00E3DB6B /* BMKPolygonView.h */,
				5282DD96190755CF00E3DB6B /* BMKPolyline.h */,
				5282DD97190755CF00E3DB6B /* BMKPolylineView.h */,
				5282DD98190755CF00E3DB6B /* BMKRouteSearchType.h */,
				5282DD99190755CF00E3DB6B /* BMKSearch.h */,
				5282DD9A190755CF00E3DB6B /* BMKShape.h */,
				5282DD9B190755CF00E3DB6B /* BMKTypes.h */,
				5282DD9C190755CF00E3DB6B /* BMKUserLocation.h */,
				5282DD9D190755CF00E3DB6B /* BMKVersion.h */,
			);
			path = inc;
			sourceTree = "<group>";
		};
		5282DD9F190755CF00E3DB6B /* Release-iphonesimulator */ = {
			isa = PBXGroup;
			children = (
				5282DDA0190755CF00E3DB6B /* inc */,
				5282DDCA190755CF00E3DB6B /* libbaidumapapi.a */,
			);
			path = "Release-iphonesimulator";
			sourceTree = "<group>";
		};
		5282DDA0190755CF00E3DB6B /* inc */ = {
			isa = PBXGroup;
			children = (
				5282DDA1190755CF00E3DB6B /* BMapKit.h */,
				5282DDA2190755CF00E3DB6B /* BMKActionPaopaoView.h */,
				5282DDA3190755CF00E3DB6B /* BMKAnnotation.h */,
				5282DDA4190755CF00E3DB6B /* BMKAnnotationView.h */,
				5282DDA5190755CF00E3DB6B /* BMKArcline.h */,
				5282DDA6190755CF00E3DB6B /* BMKArclineView.h */,
				5282DDA7190755CF00E3DB6B /* BMKCircle.h */,
				5282DDA8190755CF00E3DB6B /* BMKCircleView.h */,
				5282DDA9190755CF00E3DB6B /* BMKCloudPOIList.h */,
				5282DDAA190755CF00E3DB6B /* BMKCloudSearch.h */,
				5282DDAB190755CF00E3DB6B /* BMKCloudSearchInfo.h */,
				5282DDAC190755CF00E3DB6B /* BMKGeneralDelegate.h */,
				5282DDAD190755CF00E3DB6B /* BMKGeocodeType.h */,
				5282DDAE190755CF00E3DB6B /* BMKGeometry.h */,
				5282DDAF190755CF00E3DB6B /* BMKGroundOverlay.h */,
				5282DDB0190755CF00E3DB6B /* BMKGroundOverlayView.h */,
				5282DDB1190755CF00E3DB6B /* BMKLocationViewDisplayParam.h */,
				5282DDB2190755CF00E3DB6B /* BMKMapManager.h */,
				5282DDB3190755CF00E3DB6B /* BMKMapStatus.h */,
				5282DDB4190755CF00E3DB6B /* BMKMapView.h */,
				5282DDB5190755CF00E3DB6B /* BMKMultiPoint.h */,
				5282DDB6190755CF00E3DB6B /* BMKNavigation.h */,
				5282DDB7190755CF00E3DB6B /* BMKOfflineMap.h */,
				5282DDB8190755CF00E3DB6B /* BMKOfflineMapType.h */,
				5282DDB9190755CF00E3DB6B /* BMKOverlay.h */,
				5282DDBA190755CF00E3DB6B /* BMKOverlayGLBasicView.h */,
				5282DDBB190755CF00E3DB6B /* BMKOverlayPathView.h */,
				5282DDBC190755CF00E3DB6B /* BMKOverlayView.h */,
				5282DDBD190755CF00E3DB6B /* BMKPinAnnotationView.h */,
				5282DDBE190755CF00E3DB6B /* BMKPointAnnotation.h */,
				5282DDBF190755CF00E3DB6B /* BMKPoiSearchType.h */,
				5282DDC0190755CF00E3DB6B /* BMKPolygon.h */,
				5282DDC1190755CF00E3DB6B /* BMKPolygonView.h */,
				5282DDC2190755CF00E3DB6B /* BMKPolyline.h */,
				5282DDC3190755CF00E3DB6B /* BMKPolylineView.h */,
				5282DDC4190755CF00E3DB6B /* BMKRouteSearchType.h */,
				5282DDC5190755CF00E3DB6B /* BMKSearch.h */,
				5282DDC6190755CF00E3DB6B /* BMKShape.h */,
				5282DDC7190755CF00E3DB6B /* BMKTypes.h */,
				5282DDC8190755CF00E3DB6B /* BMKUserLocation.h */,
				5282DDC9190755CF00E3DB6B /* BMKVersion.h */,
			);
			path = inc;
			sourceTree = "<group>";
		};
/* End PBXGroup section */

/* Begin PBXNativeTarget section */
		5282DD151907528A00E3DB6B /* BaiDuMap_Test */ = {
			isa = PBXNativeTarget;
			buildConfigurationList = 5282DD421907528A00E3DB6B /* Build configuration list for PBXNativeTarget "BaiDuMap_Test" */;
			buildPhases = (
				5282DD121907528A00E3DB6B /* Sources */,
				5282DD131907528A00E3DB6B /* Frameworks */,
				5282DD141907528A00E3DB6B /* Resources */,
			);
			buildRules = (
			);
			dependencies = (
			);
			name = BaiDuMap_Test;
			productName = BaiDuMap_Test;
			productReference = 5282DD161907528A00E3DB6B /* BaiDuMap_Test.app */;
			productType = "com.apple.product-type.application";
		};
		5282DD301907528A00E3DB6B /* BaiDuMap_TestTests */ = {
			isa = PBXNativeTarget;
			buildConfigurationList = 5282DD451907528A00E3DB6B /* Build configuration list for PBXNativeTarget "BaiDuMap_TestTests" */;
			buildPhases = (
				5282DD2D1907528A00E3DB6B /* Sources */,
				5282DD2E1907528A00E3DB6B /* Frameworks */,
				5282DD2F1907528A00E3DB6B /* Resources */,
			);
			buildRules = (
			);
			dependencies = (
				5282DD371907528A00E3DB6B /* PBXTargetDependency */,
			);
			name = BaiDuMap_TestTests;
			productName = BaiDuMap_TestTests;
			productReference = 5282DD311907528A00E3DB6B /* BaiDuMap_TestTests.xctest */;
			productType = "com.apple.product-type.bundle.unit-test";
		};
/* End PBXNativeTarget section */

/* Begin PBXProject section */
		5282DD0E1907528A00E3DB6B /* Project object */ = {
			isa = PBXProject;
			attributes = {
				LastUpgradeCheck = 0510;
				ORGANIZATIONNAME = MaFengWo;
				TargetAttributes = {
					5282DD301907528A00E3DB6B = {
						TestTargetID = 5282DD151907528A00E3DB6B;
					};
				};
			};
			buildConfigurationList = 5282DD111907528A00E3DB6B /* Build configuration list for PBXProject "BaiDuMap_Test" */;
			compatibilityVersion = "Xcode 3.2";
			developmentRegion = English;
			hasScannedForEncodings = 0;
			knownRegions = (
				en,
			);
			mainGroup = 5282DD0D1907528A00E3DB6B;
			productRefGroup = 5282DD171907528A00E3DB6B /* Products */;
			projectDirPath = "";
			projectRoot = "";
			targets = (
				5282DD151907528A00E3DB6B /* BaiDuMap_Test */,
				5282DD301907528A00E3DB6B /* BaiDuMap_TestTests */,
			);
		};
/* End PBXProject section */

/* Begin PBXResourcesBuildPhase section */
		5282DD141907528A00E3DB6B /* Resources */ = {
			isa = PBXResourcesBuildPhase;
			buildActionMask = 2147483647;
			files = (
				5282DDD81907570100E3DB6B /* mapapi.bundle in Resources */,
				5282DD241907528A00E3DB6B /* InfoPlist.strings in Resources */,
				5282DD2C1907528A00E3DB6B /* Images.xcassets in Resources */,
			);
			runOnlyForDeploymentPostprocessing = 0;
		};
		5282DD2F1907528A00E3DB6B /* Resources */ = {
			isa = PBXResourcesBuildPhase;
			buildActionMask = 2147483647;
			files = (
				5282DD3D1907528A00E3DB6B /* InfoPlist.strings in Resources */,
			);
			runOnlyForDeploymentPostprocessing = 0;
		};
/* End PBXResourcesBuildPhase section */

/* Begin PBXSourcesBuildPhase section */
		5282DD121907528A00E3DB6B /* Sources */ = {
			isa = PBXSourcesBuildPhase;
			buildActionMask = 2147483647;
			files = (
				5282DD2A1907528A00E3DB6B /* AppDelegate.mm in Sources */,
				5282DD261907528A00E3DB6B /* main.m in Sources */,
			);
			runOnlyForDeploymentPostprocessing = 0;
		};
		5282DD2D1907528A00E3DB6B /* Sources */ = {
			isa = PBXSourcesBuildPhase;
			buildActionMask = 2147483647;
			files = (
				5282DD3F1907528A00E3DB6B /* BaiDuMap_TestTests.m in Sources */,
			);
			runOnlyForDeploymentPostprocessing = 0;
		};
/* End PBXSourcesBuildPhase section */

/* Begin PBXTargetDependency section */
		5282DD371907528A00E3DB6B /* PBXTargetDependency */ = {
			isa = PBXTargetDependency;
			target = 5282DD151907528A00E3DB6B /* BaiDuMap_Test */;
			targetProxy = 5282DD361907528A00E3DB6B /* PBXContainerItemProxy */;
		};
/* End PBXTargetDependency section */

/* Begin PBXVariantGroup section */
		5282DD221907528A00E3DB6B /* InfoPlist.strings */ = {
			isa = PBXVariantGroup;
			children = (
				5282DD231907528A00E3DB6B /* en */,
			);
			name = InfoPlist.strings;
			sourceTree = "<group>";
		};
		5282DD3B1907528A00E3DB6B /* InfoPlist.strings */ = {
			isa = PBXVariantGroup;
			children = (
				5282DD3C1907528A00E3DB6B /* en */,
			);
			name = InfoPlist.strings;
			sourceTree = "<group>";
		};
/* End PBXVariantGroup section */

/* Begin XCBuildConfiguration section */
		5282DD401907528A00E3DB6B /* Debug */ = {
			isa = XCBuildConfiguration;
			buildSettings = {
				ALWAYS_SEARCH_USER_PATHS = NO;
				CLANG_CXX_LANGUAGE_STANDARD = "gnu++0x";
				CLANG_CXX_LIBRARY = "libc++";
				CLANG_ENABLE_MODULES = YES;
				CLANG_ENABLE_OBJC_ARC = YES;
				CLANG_WARN_BOOL_CONVERSION = YES;
				CLANG_WARN_CONSTANT_CONVERSION = YES;
				CLANG_WARN_DIRECT_OBJC_ISA_USAGE = YES_ERROR;
				CLANG_WARN_EMPTY_BODY = YES;
				CLANG_WARN_ENUM_CONVERSION = YES;
				CLANG_WARN_INT_CONVERSION = YES;
				CLANG_WARN_OBJC_ROOT_CLASS = YES_ERROR;
				CLANG_WARN__DUPLICATE_METHOD_MATCH = YES;
				"CODE_SIGN_IDENTITY[sdk=iphoneos*]" = "iPhone Developer";
				COPY_PHASE_STRIP = NO;
				GCC_C_LANGUAGE_STANDARD = gnu99;
				GCC_DYNAMIC_NO_PIC = NO;
				GCC_OPTIMIZATION_LEVEL = 0;
				GCC_PREPROCESSOR_DEFINITIONS = (
					"DEBUG=1",
					"$(inherited)",
				);
				GCC_SYMBOLS_PRIVATE_EXTERN = NO;
				GCC_WARN_64_TO_32_BIT_CONVERSION = YES;
				GCC_WARN_ABOUT_RETURN_TYPE = YES_ERROR;
				GCC_WARN_UNDECLARED_SELECTOR = YES;
				GCC_WARN_UNINITIALIZED_AUTOS = YES_AGGRESSIVE;
				GCC_WARN_UNUSED_FUNCTION = YES;
				GCC_WARN_UNUSED_VARIABLE = YES;
				IPHONEOS_DEPLOYMENT_TARGET = 7.1;
				ONLY_ACTIVE_ARCH = YES;
				SDKROOT = iphoneos;
				TARGETED_DEVICE_FAMILY = "1,2";
			};
			name = Debug;
		};
		5282DD411907528A00E3DB6B /* Release */ = {
			isa = XCBuildConfiguration;
			buildSettings = {
				ALWAYS_SEARCH_USER_PATHS = NO;
				CLANG_CXX_LANGUAGE_STANDARD = "gnu++0x";
				CLANG_CXX_LIBRARY = "libc++";
				CLANG_ENABLE_MODULES = YES;
				CLANG_ENABLE_OBJC_ARC = YES;
				CLANG_WARN_BOOL_CONVERSION = YES;
				CLANG_WARN_CONSTANT_CONVERSION = YES;
				CLANG_WARN_DIRECT_OBJC_ISA_USAGE = YES_ERROR;
				CLANG_WARN_EMPTY_BODY = YES;
				CLANG_WARN_ENUM_CONVERSION = YES;
				CLANG_WARN_INT_CONVERSION = YES;
				CLANG_WARN_OBJC_ROOT_CLASS = YES_ERROR;
				CLANG_WARN__DUPLICATE_METHOD_MATCH = YES;
				"CODE_SIGN_IDENTITY[sdk=iphoneos*]" = "iPhone Developer";
				COPY_PHASE_STRIP = YES;
				ENABLE_NS_ASSERTIONS = NO;
				GCC_C_LANGUAGE_STANDARD = gnu99;
				GCC_WARN_64_TO_32_BIT_CONVERSION = YES;
				GCC_WARN_ABOUT_RETURN_TYPE = YES_ERROR;
				GCC_WARN_UNDECLARED_SELECTOR = YES;
				GCC_WARN_UNINITIALIZED_AUTOS = YES_AGGRESSIVE;
				GCC_WARN_UNUSED_FUNCTION = YES;
				GCC_WARN_UNUSED_VARIABLE = YES;
				IPHONEOS_DEPLOYMENT_TARGET = 7.1;
				SDKROOT = iphoneos;
				TARGETED_DEVICE_FAMILY = "1,2";
				VALIDATE_PRODUCT = YES;
			};
			name = Release;
		};
		5282DD431907528A00E3DB6B /* Debug */ = {
			isa = XCBuildConfiguration;
			buildSettings = {
				ASSETCATALOG_COMPILER_APPICON_NAME = AppIcon;
				ASSETCATALOG_COMPILER_LAUNCHIMAGE_NAME = LaunchImage;
				GCC_PRECOMPILE_PREFIX_HEADER = YES;
				GCC_PREFIX_HEADER = "BaiDuMap_Test/BaiDuMap_Test-Prefix.pch";
				HEADER_SEARCH_PATHS = (
					"$(inherited)",
					/Applications/Xcode.app/Contents/Developer/Toolchains/XcodeDefault.xctoolchain/usr/include,
					"$(SRCROOT)/inc",
				);
				INFOPLIST_FILE = "BaiDuMap_Test/BaiDuMap_Test-Info.plist";
				LIBRARY_SEARCH_PATHS = (
					"$(inherited)",
					"$(PROJECT_DIR)/libs/Release-iphoneos",
					"$(PROJECT_DIR)/libs/Release-iphonesimulator",
					"$(SRCROOT)libs/Release$(EFFECTIVE_PLATFORM_NAME)",
				);
				PRODUCT_NAME = "$(TARGET_NAME)";
				WRAPPER_EXTENSION = app;
			};
			name = Debug;
		};
		5282DD441907528A00E3DB6B /* Release */ = {
			isa = XCBuildConfiguration;
			buildSettings = {
				ASSETCATALOG_COMPILER_APPICON_NAME = AppIcon;
				ASSETCATALOG_COMPILER_LAUNCHIMAGE_NAME = LaunchImage;
				GCC_PRECOMPILE_PREFIX_HEADER = YES;
				GCC_PREFIX_HEADER = "BaiDuMap_Test/BaiDuMap_Test-Prefix.pch";
				HEADER_SEARCH_PATHS = (
					"$(inherited)",
					/Applications/Xcode.app/Contents/Developer/Toolchains/XcodeDefault.xctoolchain/usr/include,
					"$(SRCROOT)/inc",
				);
				INFOPLIST_FILE = "BaiDuMap_Test/BaiDuMap_Test-Info.plist";
				LIBRARY_SEARCH_PATHS = (
					"$(inherited)",
					"$(PROJECT_DIR)/libs/Release-iphoneos",
					"$(PROJECT_DIR)/libs/Release-iphonesimulator",
					"$(SRCROOT)libs/Release$(EFFECTIVE_PLATFORM_NAME)",
				);
				PRODUCT_NAME = "$(TARGET_NAME)";
				WRAPPER_EXTENSION = app;
			};
			name = Release;
		};
		5282DD461907528A00E3DB6B /* Debug */ = {
			isa = XCBuildConfiguration;
			buildSettings = {
				BUNDLE_LOADER = "$(BUILT_PRODUCTS_DIR)/BaiDuMap_Test.app/BaiDuMap_Test";
				FRAMEWORK_SEARCH_PATHS = (
					"$(SDKROOT)/Developer/Library/Frameworks",
					"$(inherited)",
					"$(DEVELOPER_FRAMEWORKS_DIR)",
				);
				GCC_PRECOMPILE_PREFIX_HEADER = YES;
				GCC_PREFIX_HEADER = "BaiDuMap_Test/BaiDuMap_Test-Prefix.pch";
				GCC_PREPROCESSOR_DEFINITIONS = (
					"DEBUG=1",
					"$(inherited)",
				);
				INFOPLIST_FILE = "BaiDuMap_TestTests/BaiDuMap_TestTests-Info.plist";
				PRODUCT_NAME = "$(TARGET_NAME)";
				TEST_HOST = "$(BUNDLE_LOADER)";
				WRAPPER_EXTENSION = xctest;
			};
			name = Debug;
		};
		5282DD471907528A00E3DB6B /* Release */ = {
			isa = XCBuildConfiguration;
			buildSettings = {
				BUNDLE_LOADER = "$(BUILT_PRODUCTS_DIR)/BaiDuMap_Test.app/BaiDuMap_Test";
				FRAMEWORK_SEARCH_PATHS = (
					"$(SDKROOT)/Developer/Library/Frameworks",
					"$(inherited)",
					"$(DEVELOPER_FRAMEWORKS_DIR)",
				);
				GCC_PRECOMPILE_PREFIX_HEADER = YES;
				GCC_PREFIX_HEADER = "BaiDuMap_Test/BaiDuMap_Test-Prefix.pch";
				INFOPLIST_FILE = "BaiDuMap_TestTests/BaiDuMap_TestTests-Info.plist";
				PRODUCT_NAME = "$(TARGET_NAME)";
				TEST_HOST = "$(BUNDLE_LOADER)";
				WRAPPER_EXTENSION = xctest;
			};
			name = Release;
		};
/* End XCBuildConfiguration section */

/* Begin XCConfigurationList section */
		5282DD111907528A00E3DB6B /* Build configuration list for PBXProject "BaiDuMap_Test" */ = {
			isa = XCConfigurationList;
			buildConfigurations = (
				5282DD401907528A00E3DB6B /* Debug */,
				5282DD411907528A00E3DB6B /* Release */,
			);
			defaultConfigurationIsVisible = 0;
			defaultConfigurationName = Release;
		};
		5282DD421907528A00E3DB6B /* Build configuration list for PBXNativeTarget "BaiDuMap_Test" */ = {
			isa = XCConfigurationList;
			buildConfigurations = (
				5282DD431907528A00E3DB6B /* Debug */,
				5282DD441907528A00E3DB6B /* Release */,
			);
			defaultConfigurationIsVisible = 0;
		};
		5282DD451907528A00E3DB6B /* Build configuration list for PBXNativeTarget "BaiDuMap_TestTests" */ = {
			isa = XCConfigurationList;
			buildConfigurations = (
				5282DD461907528A00E3DB6B /* Debug */,
				5282DD471907528A00E3DB6B /* Release */,
			);
			defaultConfigurationIsVisible = 0;
		};
/* End XCConfigurationList section */
	};
	rootObject = 5282DD0E1907528A00E3DB6B /* Project object */;
}
